
Microsoft Visual Studio Solution File, Format Version 11.00
# Visual Studio 2010
Project("{FAE04EC0-301F-11D3-BF4B-00C04F79EFBC}") = "MsBuilderific.Core", "MsBuilderific.Core\MsBuilderific.Core.csproj", "{55D77B74-793D-4BA6-A20C-621CCA91AABD}"
EndProject
Project("{FAE04EC0-301F-11D3-BF4B-00C04F79EFBC}") = "MsBuilderific.Console", "MsBuilderific.Console\MsBuilderific.Console.csproj", "{168C77F6-7F89-4AC5-A299-8185D615670C}"
EndProject
Project("{2150E333-8FDC-42A3-9474-1A3956D46DE8}") = "Solution Items", "Solution Items", "{A55729D5-8FE6-4212-852A-92FFA5D06E63}"
	ProjectSection(SolutionItems) = preProject
		.gitignore = .gitignore
		README.md = README.md
	EndProjectSection
EndProject
Project("{FAE04EC0-301F-11D3-BF4B-00C04F79EFBC}") = "MsBuilderific.Contracts", "MsBuilderific.Contracts\MsBuilderific.Contracts.csproj", "{D587634F-B89A-42C6-ADF4-637AC3CA09E2}"
EndProject
Project("{FAE04EC0-301F-11D3-BF4B-00C04F79EFBC}") = "MsBuilderific.Visitors", "MsBuilderific.Visitors\MsBuilderific.Visitors.csproj", "{A23A03A4-7499-4023-889C-130C501F3BA0}"
EndProject
Project("{FAE04EC0-301F-11D3-BF4B-00C04F79EFBC}") = "MsBuilderific.Core.VisualStudio", "MsBuilderific.Core.VisualStudio\MsBuilderific.Core.VisualStudio.csproj", "{8FEE0B62-A6B9-4887-ADFB-6D639DCE60A7}"
EndProject
Project("{FAE04EC0-301F-11D3-BF4B-00C04F79EFBC}") = "MsBuilderific.Common", "MsBuilderific.Common\MsBuilderific.Common.csproj", "{C8DC781A-23B1-4F6D-88A9-18D54839FA17}"
EndProject
Global
	GlobalSection(SolutionConfigurationPlatforms) = preSolution
		Debug|Any CPU = Debug|Any CPU
		Debug|Mixed Platforms = Debug|Mixed Platforms
		Debug|x86 = Debug|x86
		Release|Any CPU = Release|Any CPU
		Release|Mixed Platforms = Release|Mixed Platforms
		Release|x86 = Release|x86
	EndGlobalSection
	GlobalSection(ProjectConfigurationPlatforms) = postSolution
		{55D77B74-793D-4BA6-A20C-621CCA91AABD}.Debug|Any CPU.ActiveCfg = Debug|Any CPU
		{55D77B74-793D-4BA6-A20C-621CCA91AABD}.Debug|Any CPU.Build.0 = Debug|Any CPU
		{55D77B74-793D-4BA6-A20C-621CCA91AABD}.Debug|Mixed Platforms.ActiveCfg = Debug|Any CPU
		{55D77B74-793D-4BA6-A20C-621CCA91AABD}.Debug|Mixed Platforms.Build.0 = Debug|Any CPU
		{55D77B74-793D-4BA6-A20C-621CCA91AABD}.Debug|x86.ActiveCfg = Debug|Any CPU
		{55D77B74-793D-4BA6-A20C-621CCA91AABD}.Release|Any CPU.ActiveCfg = Release|Any CPU
		{55D77B74-793D-4BA6-A20C-621CCA91AABD}.Release|Any CPU.Build.0 = Release|Any CPU
		{55D77B74-793D-4BA6-A20C-621CCA91AABD}.Release|Mixed Platforms.ActiveCfg = Release|Any CPU
		{55D77B74-793D-4BA6-A20C-621CCA91AABD}.Release|Mixed Platforms.Build.0 = Release|Any CPU
		{55D77B74-793D-4BA6-A20C-621CCA91AABD}.Release|x86.ActiveCfg = Release|Any CPU
		{168C77F6-7F89-4AC5-A299-8185D615670C}.Debug|Any CPU.ActiveCfg = Debug|x86
		{168C77F6-7F89-4AC5-A299-8185D615670C}.Debug|Mixed Platforms.ActiveCfg = Debug|x86
		{168C77F6-7F89-4AC5-A299-8185D615670C}.Debug|Mixed Platforms.Build.0 = Debug|x86
		{168C77F6-7F89-4AC5-A299-8185D615670C}.Debug|x86.ActiveCfg = Debug|x86
		{168C77F6-7F89-4AC5-A299-8185D615670C}.Debug|x86.Build.0 = Debug|x86
		{168C77F6-7F89-4AC5-A299-8185D615670C}.Release|Any CPU.ActiveCfg = Release|x86
		{168C77F6-7F89-4AC5-A299-8185D615670C}.Release|Mixed Platforms.ActiveCfg = Release|x86
		{168C77F6-7F89-4AC5-A299-8185D615670C}.Release|Mixed Platforms.Build.0 = Release|x86
		{168C77F6-7F89-4AC5-A299-8185D615670C}.Release|x86.ActiveCfg = Release|x86
		{168C77F6-7F89-4AC5-A299-8185D615670C}.Release|x86.Build.0 = Release|x86
		{D587634F-B89A-42C6-ADF4-637AC3CA09E2}.Debug|Any CPU.ActiveCfg = Debug|Any CPU
		{D587634F-B89A-42C6-ADF4-637AC3CA09E2}.Debug|Any CPU.Build.0 = Debug|Any CPU
		{D587634F-B89A-42C6-ADF4-637AC3CA09E2}.Debug|Mixed Platforms.ActiveCfg = Debug|Any CPU
		{D587634F-B89A-42C6-ADF4-637AC3CA09E2}.Debug|Mixed Platforms.Build.0 = Debug|Any CPU
		{D587634F-B89A-42C6-ADF4-637AC3CA09E2}.Debug|x86.ActiveCfg = Debug|Any CPU
		{D587634F-B89A-42C6-ADF4-637AC3CA09E2}.Release|Any CPU.ActiveCfg = Release|Any CPU
		{D587634F-B89A-42C6-ADF4-637AC3CA09E2}.Release|Any CPU.Build.0 = Release|Any CPU
		{D587634F-B89A-42C6-ADF4-637AC3CA09E2}.Release|Mixed Platforms.ActiveCfg = Release|Any CPU
		{D587634F-B89A-42C6-ADF4-637AC3CA09E2}.Release|Mixed Platforms.Build.0 = Release|Any CPU
		{D587634F-B89A-42C6-ADF4-637AC3CA09E2}.Release|x86.ActiveCfg = Release|Any CPU
		{A23A03A4-7499-4023-889C-130C501F3BA0}.Debug|Any CPU.ActiveCfg = Debug|Any CPU
		{A23A03A4-7499-4023-889C-130C501F3BA0}.Debug|Any CPU.Build.0 = Debug|Any CPU
		{A23A03A4-7499-4023-889C-130C501F3BA0}.Debug|Mixed Platforms.ActiveCfg = Debug|Any CPU
		{A23A03A4-7499-4023-889C-130C501F3BA0}.Debug|Mixed Platforms.Build.0 = Debug|Any CPU
		{A23A03A4-7499-4023-889C-130C501F3BA0}.Debug|x86.ActiveCfg = Debug|Any CPU
		{A23A03A4-7499-4023-889C-130C501F3BA0}.Release|Any CPU.ActiveCfg = Release|Any CPU
		{A23A03A4-7499-4023-889C-130C501F3BA0}.Release|Any CPU.Build.0 = Release|Any CPU
		{A23A03A4-7499-4023-889C-130C501F3BA0}.Release|Mixed Platforms.ActiveCfg = Release|Any CPU
		{A23A03A4-7499-4023-889C-130C501F3BA0}.Release|Mixed Platforms.Build.0 = Release|Any CPU
		{A23A03A4-7499-4023-889C-130C501F3BA0}.Release|x86.ActiveCfg = Release|Any CPU
		{8FEE0B62-A6B9-4887-ADFB-6D639DCE60A7}.Debug|Any CPU.ActiveCfg = Debug|Any CPU
		{8FEE0B62-A6B9-4887-ADFB-6D639DCE60A7}.Debug|Any CPU.Build.0 = Debug|Any CPU
		{8FEE0B62-A6B9-4887-ADFB-6D639DCE60A7}.Debug|Mixed Platforms.ActiveCfg = Debug|Any CPU
		{8FEE0B62-A6B9-4887-ADFB-6D639DCE60A7}.Debug|Mixed Platforms.Build.0 = Debug|Any CPU
		{8FEE0B62-A6B9-4887-ADFB-6D639DCE60A7}.Debug|x86.ActiveCfg = Debug|Any CPU
		{8FEE0B62-A6B9-4887-ADFB-6D639DCE60A7}.Release|Any CPU.ActiveCfg = Release|Any CPU
		{8FEE0B62-A6B9-4887-ADFB-6D639DCE60A7}.Release|Any CPU.Build.0 = Release|Any CPU
		{8FEE0B62-A6B9-4887-ADFB-6D639DCE60A7}.Release|Mixed Platforms.ActiveCfg = Release|Any CPU
		{8FEE0B62-A6B9-4887-ADFB-6D639DCE60A7}.Release|Mixed Platforms.Build.0 = Release|Any CPU
		{8FEE0B62-A6B9-4887-ADFB-6D639DCE60A7}.Release|x86.ActiveCfg = Release|Any CPU
		{C8DC781A-23B1-4F6D-88A9-18D54839FA17}.Debug|Any CPU.ActiveCfg = Debug|Any CPU
		{C8DC781A-23B1-4F6D-88A9-18D54839FA17}.Debug|Any CPU.Build.0 = Debug|Any CPU
		{C8DC781A-23B1-4F6D-88A9-18D54839FA17}.Debug|Mixed Platforms.ActiveCfg = Debug|Any CPU
		{C8DC781A-23B1-4F6D-88A9-18D54839FA17}.Debug|Mixed Platforms.Build.0 = Debug|Any CPU
		{C8DC781A-23B1-4F6D-88A9-18D54839FA17}.Debug|x86.ActiveCfg = Debug|Any CPU
		{C8DC781A-23B1-4F6D-88A9-18D54839FA17}.Release|Any CPU.ActiveCfg = Release|Any CPU
		{C8DC781A-23B1-4F6D-88A9-18D54839FA17}.Release|Any CPU.Build.0 = Release|Any CPU
		{C8DC781A-23B1-4F6D-88A9-18D54839FA17}.Release|Mixed Platforms.ActiveCfg = Release|Any CPU
		{C8DC781A-23B1-4F6D-88A9-18D54839FA17}.Release|Mixed Platforms.Build.0 = Release|Any CPU
		{C8DC781A-23B1-4F6D-88A9-18D54839FA17}.Release|x86.ActiveCfg = Release|Any CPU
	EndGlobalSection
	GlobalSection(SolutionProperties) = preSolution
		HideSolutionNode = FALSE
	EndGlobalSection
	GlobalSection(ExtensibilityGlobals) = postSolution
		EnterpriseLibraryConfigurationToolBinariesPath = packages\Unity.2.1.505.0\lib\NET35
	EndGlobalSection
EndGlobal
